
Microsoft Visual Studio Solution File, Format Version 12.00
# Visual Studio Version 17
VisualStudioVersion = 17.14.36414.22
MinimumVisualStudioVersion = 10.0.40219.1
Project("{FAE04EC0-301F-11D3-BF4B-00C04F79EFBC}") = "Funktioner", "Funktioner\Funktioner.csproj", "{2807B3FA-86B5-475D-BA0D-74E21D17FDE8}"
EndProject
Project("{FAE04EC0-301F-11D3-BF4B-00C04F79EFBC}") = "Algoritmer och Problemlösning", "Algoritmer och Problemlösning\Algoritmer och Problemlösning.csproj", "{FCD033F3-C8B1-4026-BB2D-B8BEDE96C78A}"
EndProject
Project("{FAE04EC0-301F-11D3-BF4B-00C04F79EFBC}") = "Labb 1 Algoritmer ( Daniel Gustafsson)", "Labb 1 Algoritmer ( Daniel Gustafsson)\Labb 1 Algoritmer ( Daniel Gustafsson).csproj", "{0AA34D1F-C6C9-4186-B95F-398F54A1E9CC}"
EndProject
Project("{FAE04EC0-301F-11D3-BF4B-00C04F79EFBC}") = "Exception_handling", "Exception_handling\Exception_handling.csproj", "{57EF431E-D14C-4FBE-96AD-0E59156265FF}"
EndProject
Project("{FAE04EC0-301F-11D3-BF4B-00C04F79EFBC}") = "Klasser och objekt", "Klasser och objekt\Klasser och objekt.csproj", "{58F2B4DA-E47C-4666-9BC8-AF48BAE1091A}"
EndProject
Project("{FAE04EC0-301F-11D3-BF4B-00C04F79EFBC}") = "Namespaces", "Namespaces\Namespaces.csproj", "{F5E3ED30-6EFC-4275-A0AE-407E4AA33B35}"
EndProject
Project("{FAE04EC0-301F-11D3-BF4B-00C04F79EFBC}") = "Konstruktor", "Konstruktor\Konstruktor.csproj", "{6C186324-EAB4-4996-ABC5-066C2328A599}"
EndProject
Project("{FAE04EC0-301F-11D3-BF4B-00C04F79EFBC}") = "Properties", "Properties\Properties.csproj", "{030B1ABB-A21A-41F1-B6A5-66EA0B8C6DFB}"
EndProject
Project("{FAE04EC0-301F-11D3-BF4B-00C04F79EFBC}") = "Pass_by_value_vs_Pass_by_reference", "Pass_by_value_vs_Pass_by_reference\Pass_by_value_vs_Pass_by_reference.csproj", "{1E8A9791-C07C-437B-963C-ECBDA97ABCB7}"
EndProject
Project("{FAE04EC0-301F-11D3-BF4B-00C04F79EFBC}") = "Struct&Enum", "Struct&Enum\Struct&Enum.csproj", "{F810A46E-8BE7-4E7F-8DB3-C725D17925CF}"
EndProject
Project("{FAE04EC0-301F-11D3-BF4B-00C04F79EFBC}") = "Inheritance_and_Polymorphism", "Inheritance_and_Polymorphism\Inheritance_and_Polymorphism.csproj", "{1AE64581-727D-41F4-820A-B4B9D267A5D1}"
EndProject
Project("{FAE04EC0-301F-11D3-BF4B-00C04F79EFBC}") = "Generics", "Generics\Generics.csproj", "{B83F76AE-CA4E-489A-A985-3B8E076ACEC6}"
EndProject
Project("{FAE04EC0-301F-11D3-BF4B-00C04F79EFBC}") = "List", "List\List.csproj", "{30725984-3543-42ED-8BFF-5F73B8785AFD}"
EndProject
Project("{FAE04EC0-301F-11D3-BF4B-00C04F79EFBC}") = "Dictionary", "Dictionary\Dictionary.csproj", "{68B407FF-B140-46BD-AB61-34A40321949E}"
EndProject
Project("{FAE04EC0-301F-11D3-BF4B-00C04F79EFBC}") = "Delegates", "Delegates\Delegates.csproj", "{730E27EE-77D6-4E18-A52D-CEEB381D61B5}"
EndProject
Project("{FAE04EC0-301F-11D3-BF4B-00C04F79EFBC}") = "Extension_methods", "Extension_methods\Extension_methods.csproj", "{EBB8A347-7FF5-4E51-88DB-4A97B90EB0B2}"
EndProject
Project("{FAE04EC0-301F-11D3-BF4B-00C04F79EFBC}") = "Library", "Library\Library.csproj", "{D9DD8981-F15B-46EC-8F38-A22570A2E218}"
EndProject
Project("{FAE04EC0-301F-11D3-BF4B-00C04F79EFBC}") = "Events", "Events\Events.csproj", "{61AAD535-63B0-4563-8112-A2C2D93AA78E}"
EndProject
Project("{FAE04EC0-301F-11D3-BF4B-00C04F79EFBC}") = "Lambda_Expressions", "Lambda_Expressions\Lambda_Expressions.csproj", "{0434D0F9-CE64-4C8E-A332-7294FFCBFFEB}"
EndProject
Project("{FAE04EC0-301F-11D3-BF4B-00C04F79EFBC}") = "Anonymous _types", "Anonymous _types\Anonymous _types.csproj", "{E7EA6E59-ABF3-410D-A76C-FE2B89A6E5B2}"
EndProject
Project("{FAE04EC0-301F-11D3-BF4B-00C04F79EFBC}") = "Interface", "Interface\Interface.csproj", "{379E9F97-6AB1-4F28-85BD-84D98E202F67}"
EndProject
Global
	GlobalSection(SolutionConfigurationPlatforms) = preSolution
		Debug|Any CPU = Debug|Any CPU
		Release|Any CPU = Release|Any CPU
	EndGlobalSection
	GlobalSection(ProjectConfigurationPlatforms) = postSolution
		{2807B3FA-86B5-475D-BA0D-74E21D17FDE8}.Debug|Any CPU.ActiveCfg = Debug|Any CPU
		{2807B3FA-86B5-475D-BA0D-74E21D17FDE8}.Debug|Any CPU.Build.0 = Debug|Any CPU
		{2807B3FA-86B5-475D-BA0D-74E21D17FDE8}.Release|Any CPU.ActiveCfg = Release|Any CPU
		{2807B3FA-86B5-475D-BA0D-74E21D17FDE8}.Release|Any CPU.Build.0 = Release|Any CPU
		{FCD033F3-C8B1-4026-BB2D-B8BEDE96C78A}.Debug|Any CPU.ActiveCfg = Debug|Any CPU
		{FCD033F3-C8B1-4026-BB2D-B8BEDE96C78A}.Debug|Any CPU.Build.0 = Debug|Any CPU
		{FCD033F3-C8B1-4026-BB2D-B8BEDE96C78A}.Release|Any CPU.ActiveCfg = Release|Any CPU
		{FCD033F3-C8B1-4026-BB2D-B8BEDE96C78A}.Release|Any CPU.Build.0 = Release|Any CPU
		{0AA34D1F-C6C9-4186-B95F-398F54A1E9CC}.Debug|Any CPU.ActiveCfg = Debug|Any CPU
		{0AA34D1F-C6C9-4186-B95F-398F54A1E9CC}.Debug|Any CPU.Build.0 = Debug|Any CPU
		{0AA34D1F-C6C9-4186-B95F-398F54A1E9CC}.Release|Any CPU.ActiveCfg = Release|Any CPU
		{0AA34D1F-C6C9-4186-B95F-398F54A1E9CC}.Release|Any CPU.Build.0 = Release|Any CPU
		{57EF431E-D14C-4FBE-96AD-0E59156265FF}.Debug|Any CPU.ActiveCfg = Debug|Any CPU
		{57EF431E-D14C-4FBE-96AD-0E59156265FF}.Debug|Any CPU.Build.0 = Debug|Any CPU
		{57EF431E-D14C-4FBE-96AD-0E59156265FF}.Release|Any CPU.ActiveCfg = Release|Any CPU
		{57EF431E-D14C-4FBE-96AD-0E59156265FF}.Release|Any CPU.Build.0 = Release|Any CPU
		{58F2B4DA-E47C-4666-9BC8-AF48BAE1091A}.Debug|Any CPU.ActiveCfg = Debug|Any CPU
		{58F2B4DA-E47C-4666-9BC8-AF48BAE1091A}.Debug|Any CPU.Build.0 = Debug|Any CPU
		{58F2B4DA-E47C-4666-9BC8-AF48BAE1091A}.Release|Any CPU.ActiveCfg = Release|Any CPU
		{58F2B4DA-E47C-4666-9BC8-AF48BAE1091A}.Release|Any CPU.Build.0 = Release|Any CPU
		{F5E3ED30-6EFC-4275-A0AE-407E4AA33B35}.Debug|Any CPU.ActiveCfg = Debug|Any CPU
		{F5E3ED30-6EFC-4275-A0AE-407E4AA33B35}.Debug|Any CPU.Build.0 = Debug|Any CPU
		{F5E3ED30-6EFC-4275-A0AE-407E4AA33B35}.Release|Any CPU.ActiveCfg = Release|Any CPU
		{F5E3ED30-6EFC-4275-A0AE-407E4AA33B35}.Release|Any CPU.Build.0 = Release|Any CPU
		{6C186324-EAB4-4996-ABC5-066C2328A599}.Debug|Any CPU.ActiveCfg = Debug|Any CPU
		{6C186324-EAB4-4996-ABC5-066C2328A599}.Debug|Any CPU.Build.0 = Debug|Any CPU
		{6C186324-EAB4-4996-ABC5-066C2328A599}.Release|Any CPU.ActiveCfg = Release|Any CPU
		{6C186324-EAB4-4996-ABC5-066C2328A599}.Release|Any CPU.Build.0 = Release|Any CPU
		{030B1ABB-A21A-41F1-B6A5-66EA0B8C6DFB}.Debug|Any CPU.ActiveCfg = Debug|Any CPU
		{030B1ABB-A21A-41F1-B6A5-66EA0B8C6DFB}.Debug|Any CPU.Build.0 = Debug|Any CPU
		{030B1ABB-A21A-41F1-B6A5-66EA0B8C6DFB}.Release|Any CPU.ActiveCfg = Release|Any CPU
		{030B1ABB-A21A-41F1-B6A5-66EA0B8C6DFB}.Release|Any CPU.Build.0 = Release|Any CPU
		{1E8A9791-C07C-437B-963C-ECBDA97ABCB7}.Debug|Any CPU.ActiveCfg = Debug|Any CPU
		{1E8A9791-C07C-437B-963C-ECBDA97ABCB7}.Debug|Any CPU.Build.0 = Debug|Any CPU
		{1E8A9791-C07C-437B-963C-ECBDA97ABCB7}.Release|Any CPU.ActiveCfg = Release|Any CPU
		{1E8A9791-C07C-437B-963C-ECBDA97ABCB7}.Release|Any CPU.Build.0 = Release|Any CPU
		{F810A46E-8BE7-4E7F-8DB3-C725D17925CF}.Debug|Any CPU.ActiveCfg = Debug|Any CPU
		{F810A46E-8BE7-4E7F-8DB3-C725D17925CF}.Debug|Any CPU.Build.0 = Debug|Any CPU
		{F810A46E-8BE7-4E7F-8DB3-C725D17925CF}.Release|Any CPU.ActiveCfg = Release|Any CPU
		{F810A46E-8BE7-4E7F-8DB3-C725D17925CF}.Release|Any CPU.Build.0 = Release|Any CPU
		{1AE64581-727D-41F4-820A-B4B9D267A5D1}.Debug|Any CPU.ActiveCfg = Debug|Any CPU
		{1AE64581-727D-41F4-820A-B4B9D267A5D1}.Debug|Any CPU.Build.0 = Debug|Any CPU
		{1AE64581-727D-41F4-820A-B4B9D267A5D1}.Release|Any CPU.ActiveCfg = Release|Any CPU
		{1AE64581-727D-41F4-820A-B4B9D267A5D1}.Release|Any CPU.Build.0 = Release|Any CPU
		{B83F76AE-CA4E-489A-A985-3B8E076ACEC6}.Debug|Any CPU.ActiveCfg = Debug|Any CPU
		{B83F76AE-CA4E-489A-A985-3B8E076ACEC6}.Debug|Any CPU.Build.0 = Debug|Any CPU
		{B83F76AE-CA4E-489A-A985-3B8E076ACEC6}.Release|Any CPU.ActiveCfg = Release|Any CPU
		{B83F76AE-CA4E-489A-A985-3B8E076ACEC6}.Release|Any CPU.Build.0 = Release|Any CPU
		{30725984-3543-42ED-8BFF-5F73B8785AFD}.Debug|Any CPU.ActiveCfg = Debug|Any CPU
		{30725984-3543-42ED-8BFF-5F73B8785AFD}.Debug|Any CPU.Build.0 = Debug|Any CPU
		{30725984-3543-42ED-8BFF-5F73B8785AFD}.Release|Any CPU.ActiveCfg = Release|Any CPU
		{30725984-3543-42ED-8BFF-5F73B8785AFD}.Release|Any CPU.Build.0 = Release|Any CPU
		{68B407FF-B140-46BD-AB61-34A40321949E}.Debug|Any CPU.ActiveCfg = Debug|Any CPU
		{68B407FF-B140-46BD-AB61-34A40321949E}.Debug|Any CPU.Build.0 = Debug|Any CPU
		{68B407FF-B140-46BD-AB61-34A40321949E}.Release|Any CPU.ActiveCfg = Release|Any CPU
		{68B407FF-B140-46BD-AB61-34A40321949E}.Release|Any CPU.Build.0 = Release|Any CPU
		{730E27EE-77D6-4E18-A52D-CEEB381D61B5}.Debug|Any CPU.ActiveCfg = Debug|Any CPU
		{730E27EE-77D6-4E18-A52D-CEEB381D61B5}.Debug|Any CPU.Build.0 = Debug|Any CPU
		{730E27EE-77D6-4E18-A52D-CEEB381D61B5}.Release|Any CPU.ActiveCfg = Release|Any CPU
		{730E27EE-77D6-4E18-A52D-CEEB381D61B5}.Release|Any CPU.Build.0 = Release|Any CPU
		{EBB8A347-7FF5-4E51-88DB-4A97B90EB0B2}.Debug|Any CPU.ActiveCfg = Debug|Any CPU
		{EBB8A347-7FF5-4E51-88DB-4A97B90EB0B2}.Debug|Any CPU.Build.0 = Debug|Any CPU
		{EBB8A347-7FF5-4E51-88DB-4A97B90EB0B2}.Release|Any CPU.ActiveCfg = Release|Any CPU
		{EBB8A347-7FF5-4E51-88DB-4A97B90EB0B2}.Release|Any CPU.Build.0 = Release|Any CPU
		{D9DD8981-F15B-46EC-8F38-A22570A2E218}.Debug|Any CPU.ActiveCfg = Debug|Any CPU
		{D9DD8981-F15B-46EC-8F38-A22570A2E218}.Debug|Any CPU.Build.0 = Debug|Any CPU
		{D9DD8981-F15B-46EC-8F38-A22570A2E218}.Release|Any CPU.ActiveCfg = Release|Any CPU
		{D9DD8981-F15B-46EC-8F38-A22570A2E218}.Release|Any CPU.Build.0 = Release|Any CPU
		{61AAD535-63B0-4563-8112-A2C2D93AA78E}.Debug|Any CPU.ActiveCfg = Debug|Any CPU
		{61AAD535-63B0-4563-8112-A2C2D93AA78E}.Debug|Any CPU.Build.0 = Debug|Any CPU
		{61AAD535-63B0-4563-8112-A2C2D93AA78E}.Release|Any CPU.ActiveCfg = Release|Any CPU
		{61AAD535-63B0-4563-8112-A2C2D93AA78E}.Release|Any CPU.Build.0 = Release|Any CPU
		{0434D0F9-CE64-4C8E-A332-7294FFCBFFEB}.Debug|Any CPU.ActiveCfg = Debug|Any CPU
		{0434D0F9-CE64-4C8E-A332-7294FFCBFFEB}.Debug|Any CPU.Build.0 = Debug|Any CPU
		{0434D0F9-CE64-4C8E-A332-7294FFCBFFEB}.Release|Any CPU.ActiveCfg = Release|Any CPU
		{0434D0F9-CE64-4C8E-A332-7294FFCBFFEB}.Release|Any CPU.Build.0 = Release|Any CPU
		{E7EA6E59-ABF3-410D-A76C-FE2B89A6E5B2}.Debug|Any CPU.ActiveCfg = Debug|Any CPU
		{E7EA6E59-ABF3-410D-A76C-FE2B89A6E5B2}.Debug|Any CPU.Build.0 = Debug|Any CPU
		{E7EA6E59-ABF3-410D-A76C-FE2B89A6E5B2}.Release|Any CPU.ActiveCfg = Release|Any CPU
		{E7EA6E59-ABF3-410D-A76C-FE2B89A6E5B2}.Release|Any CPU.Build.0 = Release|Any CPU
		{379E9F97-6AB1-4F28-85BD-84D98E202F67}.Debug|Any CPU.ActiveCfg = Debug|Any CPU
		{379E9F97-6AB1-4F28-85BD-84D98E202F67}.Debug|Any CPU.Build.0 = Debug|Any CPU
		{379E9F97-6AB1-4F28-85BD-84D98E202F67}.Release|Any CPU.ActiveCfg = Release|Any CPU
		{379E9F97-6AB1-4F28-85BD-84D98E202F67}.Release|Any CPU.Build.0 = Release|Any CPU
	EndGlobalSection
	GlobalSection(SolutionProperties) = preSolution
		HideSolutionNode = FALSE
	EndGlobalSection
	GlobalSection(ExtensibilityGlobals) = postSolution
		SolutionGuid = {BF6814AF-0505-4A00-9F08-D305C1309A2B}
	EndGlobalSection
EndGlobal
